{
  "requires": true,
  "lockfileVersion": 1,
  "dependencies": {
    "parser-wx": {
      "version": "1.0.1",
      "resolved": "https://registry.npmjs.org/parser-wx/-/parser-wx-1.0.1.tgz",
      "integrity": "sha512-11/3SL7n5kuZ7daFwxuanuegQMAqgj7iuRiymt5Zgs20Ew4nBSKNWcL9GMsX86hxXpEYEG+ROrxLow4WOEhGBg=="
    }
  }
}
